# THIS IS AN AUTOGENERATED FILE. DO NOT EDIT THIS FILE DIRECTLY.
# yarn lockfile v1


"@xmldom/xmldom@^0.8.6":
  version "0.8.8"
  resolved "https://registry.yarnpkg.com/@xmldom/xmldom/-/xmldom-0.8.8.tgz#d0d11511cbc1de77e53342ad1546a4d487d6ea72"
  integrity sha512-0LNz4EY8B/8xXY86wMrQ4tz6zEHZv9ehFMJPm8u2gq5lQ71cfRKdaKyxfJAx5aUoyzx0qzgURblTisPGgz3d+Q==

pdf2json@^3.0.4:
  version "3.0.4"
  resolved "https://registry.yarnpkg.com/pdf2json/-/pdf2json-3.0.4.tgz#8508800c8d07e4778d4247de4de49a7b641aa040"
  integrity sha512-NKmSg78W5V/T3Qvp+TPkYeARdP/XzxBTlhRGdDMrOI1beyI72JxW5u4yy5825ge3opzu4HF0xDgg+HZbYvbr4g==
  dependencies:
    "@xmldom/xmldom" "^0.8.6"
